// !$*UTF8*$!
{
	archiveVersion = 1;
	classes = {
	};
	objectVersion = 46;
	objects = {

/* Begin PBXBuildFile section */
		F4E742DA1CAC048300CF54FA /* AppDelegate.m in Sources */ = {isa = PBXBuildFile; fileRef = F4E742D91CAC048300CF54FA /* AppDelegate.m */; };
		F4E742DD1CAC048300CF54FA /* main.m in Sources */ = {isa = PBXBuildFile; fileRef = F4E742DC1CAC048300CF54FA /* main.m */; };
		F4E742E01CAC048300CF54FA /* ViewController.m in Sources */ = {isa = PBXBuildFile; fileRef = F4E742DF1CAC048300CF54FA /* ViewController.m */; };
		F4E742E21CAC048300CF54FA /* Assets.xcassets in Resources */ = {isa = PBXBuildFile; fileRef = F4E742E11CAC048300CF54FA /* Assets.xcassets */; };
		F4E742E51CAC048300CF54FA /* Main.storyboard in Resources */ = {isa = PBXBuildFile; fileRef = F4E742E31CAC048300CF54FA /* Main.storyboard */; };
		F4E742F11CAD39F000CF54FA /* SlideSegue.m in Sources */ = {isa = PBXBuildFile; fileRef = F4E742F01CAD39F000CF54FA /* SlideSegue.m */; };
/* End PBXBuildFile section */

/* Begin PBXFileReference section */
		F4E742D51CAC048300CF54FA /* StoryboardSample01.app */ = {isa = PBXFileReference; explicitFileType = wrapper.application; includeInIndex = 0; path = StoryboardSample01.app; sourceTree = BUILT_PRODUCTS_DIR; };
		F4E742D81CAC048300CF54FA /* AppDelegate.h */ = {isa = PBXFileReference; lastKnownFileType = sourcecode.c.h; path = AppDelegate.h; sourceTree = "<group>"; };
		F4E742D91CAC048300CF54FA /* AppDelegate.m */ = {isa = PBXFileReference; lastKnownFileType = sourcecode.c.objc; path = AppDelegate.m; sourceTree = "<group>"; };
		F4E742DC1CAC048300CF54FA /* main.m */ = {isa = PBXFileReference; lastKnownFileType = sourcecode.c.objc; path = main.m; sourceTree = "<group>"; };
		F4E742DE1CAC048300CF54FA /* ViewController.h */ = {isa = PBXFileReference; lastKnownFileType = sourcecode.c.h; path = ViewController.h; sourceTree = "<group>"; };
		F4E742DF1CAC048300CF54FA /* ViewController.m */ = {isa = PBXFileReference; lastKnownFileType = sourcecode.c.objc; path = ViewController.m; sourceTree = "<group>"; };
		F4E742E11CAC048300CF54FA /* Assets.xcassets */ = {isa = PBXFileReference; lastKnownFileType = folder.assetcatalog; path = Assets.xcassets; sourceTree = "<group>"; };
		F4E742E41CAC048300CF54FA /* Base */ = {isa = PBXFileReference; lastKnownFileType = file.storyboard; name = Base; path = Base.lproj/Main.storyboard; sourceTree = "<group>"; };
		F4E742E61CAC048300CF54FA /* Info.plist */ = {isa = PBXFileReference; lastKnownFileType = text.plist.xml; path = Info.plist; sourceTree = "<group>"; };
		F4E742EF1CAD39F000CF54FA /* SlideSegue.h */ = {isa = PBXFileReference; fileEncoding = 4; lastKnownFileType = sourcecode.c.h; path = SlideSegue.h; sourceTree = "<group>"; };
		F4E742F01CAD39F000CF54FA /* SlideSegue.m */ = {isa = PBXFileReference; fileEncoding = 4; lastKnownFileType = sourcecode.c.objc; path = SlideSegue.m; sourceTree = "<group>"; };
/* End PBXFileReference section */

/* Begin PBXFrameworksBuildPhase section */
		F4E742D21CAC048300CF54FA /* Frameworks */ = {
			isa = PBXFrameworksBuildPhase;
			buildActionMask = 2147483647;
			files = (
			);
			runOnlyForDeploymentPostprocessing = 0;
		};
/* End PBXFrameworksBuildPhase section */

/* Begin PBXGroup section */
		F4E742CC1CAC048300CF54FA = {
			isa = PBXGroup;
			children = (
				F4E742D71CAC048300CF54FA /* StoryboardSample01 */,
				F4E742D61CAC048300CF54FA /* Products */,
			);
			sourceTree = "<group>";
		};
		F4E742D61CAC048300CF54FA /* Products */ = {
			isa = PBXGroup;
			children = (
				F4E742D51CAC048300CF54FA /* StoryboardSample01.app */,
			);
			name = Products;
			sourceTree = "<group>";
		};
		F4E742D71CAC048300CF54FA /* StoryboardSample01 */ = {
			isa = PBXGroup;
			children = (
				F4E742D81CAC048300CF54FA /* AppDelegate.h */,
				F4E742D91CAC048300CF54FA /* AppDelegate.m */,
				F4E742DE1CAC048300CF54FA /* ViewController.h */,
				F4E742DF1CAC048300CF54FA /* ViewController.m */,
				F4E742EF1CAD39F000CF54FA /* SlideSegue.h */,
				F4E742F01CAD39F000CF54FA /* SlideSegue.m */,
				F4E742E11CAC048300CF54FA /* Assets.xcassets */,
				F4E742E31CAC048300CF54FA /* Main.storyboard */,
				F4E742E61CAC048300CF54FA /* Info.plist */,
				F4E742DB1CAC048300CF54FA /* Supporting Files */,
			);
			path = StoryboardSample01;
			sourceTree = "<group>";
		};
		F4E742DB1CAC048300CF54FA /* Supporting Files */ = {
			isa = PBXGroup;
			children = (
				F4E742DC1CAC048300CF54FA /* main.m */,
			);
			name = "Supporting Files";
			sourceTree = "<group>";
		};
/* End PBXGroup section */

/* Begin PBXNativeTarget section */
		F4E742D41CAC048300CF54FA /* StoryboardSample01 */ = {
			isa = PBXNativeTarget;
			buildConfigurationList = F4E742E91CAC048300CF54FA /* Build configuration list for PBXNativeTarget "StoryboardSample01" */;
			buildPhases = (
				F4E742D11CAC048300CF54FA /* Sources */,
				F4E742D21CAC048300CF54FA /* Frameworks */,
				F4E742D31CAC048300CF54FA /* Resources */,
			);
			buildRules = (
			);
			dependencies = (
			);
			name = StoryboardSample01;
			productName = StoryboardSample01;
			productReference = F4E742D51CAC048300CF54FA /* StoryboardSample01.app */;
			productType = "com.apple.product-type.application";
		};
/* End PBXNativeTarget section */

/* Begin PBXProject section */
		F4E742CD1CAC048300CF54FA /* Project object */ = {
			isa = PBXProject;
			attributes = {
				LastUpgradeCheck = 0720;
				ORGANIZATIONNAME = "Hori,Masaki";
				TargetAttributes = {
					F4E742D41CAC048300CF54FA = {
						CreatedOnToolsVersion = 7.2.1;
					};
				};
			};
			buildConfigurationList = F4E742D01CAC048300CF54FA /* Build configuration list for PBXProject "StoryboardSample01" */;
			compatibilityVersion = "Xcode 3.2";
			developmentRegion = English;
			hasScannedForEncodings = 0;
			knownRegions = (
				en,
				Base,
			);
			mainGroup = F4E742CC1CAC048300CF54FA;
			productRefGroup = F4E742D61CAC048300CF54FA /* Products */;
			projectDirPath = "";
			projectRoot = "";
			targets = (
				F4E742D41CAC048300CF54FA /* StoryboardSample01 */,
			);
		};
/* End PBXProject section */

/* Begin PBXResourcesBuildPhase section */
		F4E742D31CAC048300CF54FA /* Resources */ = {
			isa = PBXResourcesBuildPhase;
			buildActionMask = 2147483647;
			files = (
				F4E742E21CAC048300CF54FA /* Assets.xcassets in Resources */,
				F4E742E51CAC048300CF54FA /* Main.storyboard in Resources */,
			);
			runOnlyForDeploymentPostprocessing = 0;
		};
/* End PBXResourcesBuildPhase section */

/* Begin PBXSourcesBuildPhase section */
		F4E742D11CAC048300CF54FA /* Sources */ = {
			isa = PBXSourcesBuildPhase;
			buildActionMask = 2147483647;
			files = (
				F4E742E01CAC048300CF54FA /* ViewController.m in Sources */,
				F4E742F11CAD39F000CF54FA /* SlideSegue.m in Sources */,
				F4E742DD1CAC048300CF54FA /* main.m in Sources */,
				F4E742DA1CAC048300CF54FA /* AppDelegate.m in Sources */,
			);
			runOnlyForDeploymentPostprocessing = 0;
		};
/* End PBXSourcesBuildPhase section */

/* Begin PBXVariantGroup section */
		F4E742E31CAC048300CF54FA /* Main.storyboard */ = {
			isa = PBXVariantGroup;
			children = (
				F4E742E41CAC048300CF54FA /* Base */,
			);
			name = Main.storyboard;
			sourceTree = "<group>";
		};
/* End PBXVariantGroup section */

/* Begin XCBuildConfiguration section */
		F4E742E71CAC048300CF54FA /* Debug */ = {
			isa = XCBuildConfiguration;
			buildSettings = {
				ALWAYS_SEARCH_USER_PATHS = NO;
				CLANG_CXX_LANGUAGE_STANDARD = "gnu++0x";
				CLANG_CXX_LIBRARY = "libc++";
				CLANG_ENABLE_MODULES = YES;
				CLANG_ENABLE_OBJC_ARC = YES;
				CLANG_WARN_BOOL_CONVERSION = YES;
				CLANG_WARN_CONSTANT_CONVERSION = YES;
				CLANG_WARN_DIRECT_OBJC_ISA_USAGE = YES_ERROR;
				CLANG_WARN_EMPTY_BODY = YES;
				CLANG_WARN_ENUM_CONVERSION = YES;
				CLANG_WARN_INT_CONVERSION = YES;
				CLANG_WARN_OBJC_ROOT_CLASS = YES_ERROR;
				CLANG_WARN_UNREACHABLE_CODE = YES;
				CLANG_WARN__DUPLICATE_METHOD_MATCH = YES;
				CODE_SIGN_IDENTITY = "-";
				COPY_PHASE_STRIP = NO;
				DEBUG_INFORMATION_FORMAT = dwarf;
				ENABLE_STRICT_OBJC_MSGSEND = YES;
				ENABLE_TESTABILITY = YES;
				GCC_C_LANGUAGE_STANDARD = gnu99;
				GCC_DYNAMIC_NO_PIC = NO;
				GCC_NO_COMMON_BLOCKS = YES;
				GCC_OPTIMIZATION_LEVEL = 0;
				GCC_PREPROCESSOR_DEFINITIONS = (
					"DEBUG=1",
					"$(inherited)",
				);
				GCC_WARN_64_TO_32_BIT_CONVERSION = YES;
				GCC_WARN_ABOUT_RETURN_TYPE = YES_ERROR;
				GCC_WARN_UNDECLARED_SELECTOR = YES;
				GCC_WARN_UNINITIALIZED_AUTOS = YES_AGGRESSIVE;
				GCC_WARN_UNUSED_FUNCTION = YES;
				GCC_WARN_UNUSED_VARIABLE = YES;
				MACOSX_DEPLOYMENT_TARGET = 10.11;
				MTL_ENABLE_DEBUG_INFO = YES;
				ONLY_ACTIVE_ARCH = YES;
				SDKROOT = macosx;
			};
			name = Debug;
		};
		F4E742E81CAC048300CF54FA /* Release */ = {
			isa = XCBuildConfiguration;
			buildSettings = {
				ALWAYS_SEARCH_USER_PATHS = NO;
				CLANG_CXX_LANGUAGE_STANDARD = "gnu++0x";
				CLANG_CXX_LIBRARY = "libc++";
				CLANG_ENABLE_MODULES = YES;
				CLANG_ENABLE_OBJC_ARC = YES;
				CLANG_WARN_BOOL_CONVERSION = YES;
				CLANG_WARN_CONSTANT_CONVERSION = YES;
				CLANG_WARN_DIRECT_OBJC_ISA_USAGE = YES_ERROR;
				CLANG_WARN_EMPTY_BODY = YES;
				CLANG_WARN_ENUM_CONVERSION = YES;
				CLANG_WARN_INT_CONVERSION = YES;
				CLANG_WARN_OBJC_ROOT_CLASS = YES_ERROR;
				CLANG_WARN_UNREACHABLE_CODE = YES;
				CLANG_WARN__DUPLICATE_METHOD_MATCH = YES;
				CODE_SIGN_IDENTITY = "-";
				COPY_PHASE_STRIP = NO;
				DEBUG_INFORMATION_FORMAT = "dwarf-with-dsym";
				ENABLE_NS_ASSERTIONS = NO;
				ENABLE_STRICT_OBJC_MSGSEND = YES;
				GCC_C_LANGUAGE_STANDARD = gnu99;
				GCC_NO_COMMON_BLOCKS = YES;
				GCC_WARN_64_TO_32_BIT_CONVERSION = YES;
				GCC_WARN_ABOUT_RETURN_TYPE = YES_ERROR;
				GCC_WARN_UNDECLARED_SELECTOR = YES;
				GCC_WARN_UNINITIALIZED_AUTOS = YES_AGGRESSIVE;
				GCC_WARN_UNUSED_FUNCTION = YES;
				GCC_WARN_UNUSED_VARIABLE = YES;
				MACOSX_DEPLOYMENT_TARGET = 10.11;
				MTL_ENABLE_DEBUG_INFO = NO;
				SDKROOT = macosx;
			};
			name = Release;
		};
		F4E742EA1CAC048300CF54FA /* Debug */ = {
			isa = XCBuildConfiguration;
			buildSettings = {
				ASSETCATALOG_COMPILER_APPICON_NAME = AppIcon;
				COMBINE_HIDPI_IMAGES = YES;
				INFOPLIST_FILE = StoryboardSample01/Info.plist;
				LD_RUNPATH_SEARCH_PATHS = "$(inherited) @executable_path/../Frameworks";
				PRODUCT_BUNDLE_IDENTIFIER = com.masakih.StoryboardSample01;
				PRODUCT_NAME = "$(TARGET_NAME)";
			};
			name = Debug;
		};
		F4E742EB1CAC048300CF54FA /* Release */ = {
			isa = XCBuildConfiguration;
			buildSettings = {
				ASSETCATALOG_COMPILER_APPICON_NAME = AppIcon;
				COMBINE_HIDPI_IMAGES = YES;
				INFOPLIST_FILE = StoryboardSample01/Info.plist;
				LD_RUNPATH_SEARCH_PATHS = "$(inherited) @executable_path/../Frameworks";
				PRODUCT_BUNDLE_IDENTIFIER = com.masakih.StoryboardSample01;
				PRODUCT_NAME = "$(TARGET_NAME)";
			};
			name = Release;
		};
/* End XCBuildConfiguration section */

/* Begin XCConfigurationList section */
		F4E742D01CAC048300CF54FA /* Build configuration list for PBXProject "StoryboardSample01" */ = {
			isa = XCConfigurationList;
			buildConfigurations = (
				F4E742E71CAC048300CF54FA /* Debug */,
				F4E742E81CAC048300CF54FA /* Release */,
			);
			defaultConfigurationIsVisible = 0;
			defaultConfigurationName = Release;
		};
		F4E742E91CAC048300CF54FA /* Build configuration list for PBXNativeTarget "StoryboardSample01" */ = {
			isa = XCConfigurationList;
			buildConfigurations = (
				F4E742EA1CAC048300CF54FA /* Debug */,
				F4E742EB1CAC048300CF54FA /* Release */,
			);
			defaultConfigurationIsVisible = 0;
			defaultConfigurationName = Release;
		};
/* End XCConfigurationList section */
	};
	rootObject = F4E742CD1CAC048300CF54FA /* Project object */;
}
